// !$*UTF8*$!
{
	archiveVersion = 1;
	classes = {
	};
	objectVersion = 55;
	objects = {

/* Begin PBXBuildFile section */
		94A5E3552907EC5C00E64B09 /* AppDelegate.swift in Sources */ = {isa = PBXBuildFile; fileRef = 94A5E3542907EC5C00E64B09 /* AppDelegate.swift */; };
		94A5E3572907EC5C00E64B09 /* SceneDelegate.swift in Sources */ = {isa = PBXBuildFile; fileRef = 94A5E3562907EC5C00E64B09 /* SceneDelegate.swift */; };
		94A5E3592907EC5C00E64B09 /* ViewController.swift in Sources */ = {isa = PBXBuildFile; fileRef = 94A5E3582907EC5C00E64B09 /* ViewController.swift */; };
		94A5E35C2907EC5C00E64B09 /* Main.storyboard in Resources */ = {isa = PBXBuildFile; fileRef = 94A5E35A2907EC5C00E64B09 /* Main.storyboard */; };
		94A5E35E2907EC5E00E64B09 /* Assets.xcassets in Resources */ = {isa = PBXBuildFile; fileRef = 94A5E35D2907EC5E00E64B09 /* Assets.xcassets */; };
		94A5E3612907EC5E00E64B09 /* LaunchScreen.storyboard in Resources */ = {isa = PBXBuildFile; fileRef = 94A5E35F2907EC5E00E64B09 /* LaunchScreen.storyboard */; };
		94A5E36C2907EC5F00E64B09 /* learning_cicdTests.swift in Sources */ = {isa = PBXBuildFile; fileRef = 94A5E36B2907EC5F00E64B09 /* learning_cicdTests.swift */; };
		94A5E3762907EC5F00E64B09 /* learning_cicdUITests.swift in Sources */ = {isa = PBXBuildFile; fileRef = 94A5E3752907EC5F00E64B09 /* learning_cicdUITests.swift */; };
		94A5E3782907EC5F00E64B09 /* learning_cicdUITestsLaunchTests.swift in Sources */ = {isa = PBXBuildFile; fileRef = 94A5E3772907EC5F00E64B09 /* learning_cicdUITestsLaunchTests.swift */; };
/* End PBXBuildFile section */

/* Begin PBXContainerItemProxy section */
		94A5E3682907EC5F00E64B09 /* PBXContainerItemProxy */ = {
			isa = PBXContainerItemProxy;
			containerPortal = 94A5E3492907EC5C00E64B09 /* Project object */;
			proxyType = 1;
			remoteGlobalIDString = 94A5E3502907EC5C00E64B09;
			remoteInfo = "learning cicd";
		};
		94A5E3722907EC5F00E64B09 /* PBXContainerItemProxy */ = {
			isa = PBXContainerItemProxy;
			containerPortal = 94A5E3492907EC5C00E64B09 /* Project object */;
			proxyType = 1;
			remoteGlobalIDString = 94A5E3502907EC5C00E64B09;
			remoteInfo = "learning cicd";
		};
/* End PBXContainerItemProxy section */

/* Begin PBXFileReference section */
		94A5E3512907EC5C00E64B09 /* learning cicd.app */ = {isa = PBXFileReference; explicitFileType = wrapper.application; includeInIndex = 0; path = "learning cicd.app"; sourceTree = BUILT_PRODUCTS_DIR; };
		94A5E3542907EC5C00E64B09 /* AppDelegate.swift */ = {isa = PBXFileReference; lastKnownFileType = sourcecode.swift; path = AppDelegate.swift; sourceTree = "<group>"; };
		94A5E3562907EC5C00E64B09 /* SceneDelegate.swift */ = {isa = PBXFileReference; lastKnownFileType = sourcecode.swift; path = SceneDelegate.swift; sourceTree = "<group>"; };
		94A5E3582907EC5C00E64B09 /* ViewController.swift */ = {isa = PBXFileReference; lastKnownFileType = sourcecode.swift; path = ViewController.swift; sourceTree = "<group>"; };
		94A5E35B2907EC5C00E64B09 /* Base */ = {isa = PBXFileReference; lastKnownFileType = file.storyboard; name = Base; path = Base.lproj/Main.storyboard; sourceTree = "<group>"; };
		94A5E35D2907EC5E00E64B09 /* Assets.xcassets */ = {isa = PBXFileReference; lastKnownFileType = folder.assetcatalog; path = Assets.xcassets; sourceTree = "<group>"; };
		94A5E3602907EC5E00E64B09 /* Base */ = {isa = PBXFileReference; lastKnownFileType = file.storyboard; name = Base; path = Base.lproj/LaunchScreen.storyboard; sourceTree = "<group>"; };
		94A5E3622907EC5E00E64B09 /* Info.plist */ = {isa = PBXFileReference; lastKnownFileType = text.plist.xml; path = Info.plist; sourceTree = "<group>"; };
		94A5E3672907EC5F00E64B09 /* learning cicdTests.xctest */ = {isa = PBXFileReference; explicitFileType = wrapper.cfbundle; includeInIndex = 0; path = "learning cicdTests.xctest"; sourceTree = BUILT_PRODUCTS_DIR; };
		94A5E36B2907EC5F00E64B09 /* learning_cicdTests.swift */ = {isa = PBXFileReference; lastKnownFileType = sourcecode.swift; path = learning_cicdTests.swift; sourceTree = "<group>"; };
		94A5E3712907EC5F00E64B09 /* learning cicdUITests.xctest */ = {isa = PBXFileReference; explicitFileType = wrapper.cfbundle; includeInIndex = 0; path = "learning cicdUITests.xctest"; sourceTree = BUILT_PRODUCTS_DIR; };
		94A5E3752907EC5F00E64B09 /* learning_cicdUITests.swift */ = {isa = PBXFileReference; lastKnownFileType = sourcecode.swift; path = learning_cicdUITests.swift; sourceTree = "<group>"; };
		94A5E3772907EC5F00E64B09 /* learning_cicdUITestsLaunchTests.swift */ = {isa = PBXFileReference; lastKnownFileType = sourcecode.swift; path = learning_cicdUITestsLaunchTests.swift; sourceTree = "<group>"; };
/* End PBXFileReference section */

/* Begin PBXFrameworksBuildPhase section */
		94A5E34E2907EC5C00E64B09 /* Frameworks */ = {
			isa = PBXFrameworksBuildPhase;
			buildActionMask = 2147483647;
			files = (
			);
			runOnlyForDeploymentPostprocessing = 0;
		};
		94A5E3642907EC5F00E64B09 /* Frameworks */ = {
			isa = PBXFrameworksBuildPhase;
			buildActionMask = 2147483647;
			files = (
			);
			runOnlyForDeploymentPostprocessing = 0;
		};
		94A5E36E2907EC5F00E64B09 /* Frameworks */ = {
			isa = PBXFrameworksBuildPhase;
			buildActionMask = 2147483647;
			files = (
			);
			runOnlyForDeploymentPostprocessing = 0;
		};
/* End PBXFrameworksBuildPhase section */

/* Begin PBXGroup section */
		94A5E3482907EC5C00E64B09 = {
			isa = PBXGroup;
			children = (
				94A5E3532907EC5C00E64B09 /* learning cicd */,
				94A5E36A2907EC5F00E64B09 /* learning cicdTests */,
				94A5E3742907EC5F00E64B09 /* learning cicdUITests */,
				94A5E3522907EC5C00E64B09 /* Products */,
			);
			sourceTree = "<group>";
		};
		94A5E3522907EC5C00E64B09 /* Products */ = {
			isa = PBXGroup;
			children = (
				94A5E3512907EC5C00E64B09 /* learning cicd.app */,
				94A5E3672907EC5F00E64B09 /* learning cicdTests.xctest */,
				94A5E3712907EC5F00E64B09 /* learning cicdUITests.xctest */,
			);
			name = Products;
			sourceTree = "<group>";
		};
		94A5E3532907EC5C00E64B09 /* learning cicd */ = {
			isa = PBXGroup;
			children = (
				94A5E3542907EC5C00E64B09 /* AppDelegate.swift */,
				94A5E3562907EC5C00E64B09 /* SceneDelegate.swift */,
				94A5E3582907EC5C00E64B09 /* ViewController.swift */,
				94A5E35A2907EC5C00E64B09 /* Main.storyboard */,
				94A5E35D2907EC5E00E64B09 /* Assets.xcassets */,
				94A5E35F2907EC5E00E64B09 /* LaunchScreen.storyboard */,
				94A5E3622907EC5E00E64B09 /* Info.plist */,
			);
			path = "learning cicd";
			sourceTree = "<group>";
		};
		94A5E36A2907EC5F00E64B09 /* learning cicdTests */ = {
			isa = PBXGroup;
			children = (
				94A5E36B2907EC5F00E64B09 /* learning_cicdTests.swift */,
			);
			path = "learning cicdTests";
			sourceTree = "<group>";
		};
		94A5E3742907EC5F00E64B09 /* learning cicdUITests */ = {
			isa = PBXGroup;
			children = (
				94A5E3752907EC5F00E64B09 /* learning_cicdUITests.swift */,
				94A5E3772907EC5F00E64B09 /* learning_cicdUITestsLaunchTests.swift */,
			);
			path = "learning cicdUITests";
			sourceTree = "<group>";
		};
/* End PBXGroup section */

/* Begin PBXNativeTarget section */
		94A5E3502907EC5C00E64B09 /* learning cicd */ = {
			isa = PBXNativeTarget;
			buildConfigurationList = 94A5E37B2907EC5F00E64B09 /* Build configuration list for PBXNativeTarget "learning cicd" */;
			buildPhases = (
				94A5E34D2907EC5C00E64B09 /* Sources */,
				94A5E34E2907EC5C00E64B09 /* Frameworks */,
				94A5E34F2907EC5C00E64B09 /* Resources */,
			);
			buildRules = (
			);
			dependencies = (
			);
			name = "learning cicd";
			productName = "learning cicd";
			productReference = 94A5E3512907EC5C00E64B09 /* learning cicd.app */;
			productType = "com.apple.product-type.application";
		};
		94A5E3662907EC5F00E64B09 /* learning cicdTests */ = {
			isa = PBXNativeTarget;
			buildConfigurationList = 94A5E37E2907EC5F00E64B09 /* Build configuration list for PBXNativeTarget "learning cicdTests" */;
			buildPhases = (
				94A5E3632907EC5F00E64B09 /* Sources */,
				94A5E3642907EC5F00E64B09 /* Frameworks */,
				94A5E3652907EC5F00E64B09 /* Resources */,
			);
			buildRules = (
			);
			dependencies = (
				94A5E3692907EC5F00E64B09 /* PBXTargetDependency */,
			);
			name = "learning cicdTests";
			productName = "learning cicdTests";
			productReference = 94A5E3672907EC5F00E64B09 /* learning cicdTests.xctest */;
			productType = "com.apple.product-type.bundle.unit-test";
		};
		94A5E3702907EC5F00E64B09 /* learning cicdUITests */ = {
			isa = PBXNativeTarget;
			buildConfigurationList = 94A5E3812907EC5F00E64B09 /* Build configuration list for PBXNativeTarget "learning cicdUITests" */;
			buildPhases = (
				94A5E36D2907EC5F00E64B09 /* Sources */,
				94A5E36E2907EC5F00E64B09 /* Frameworks */,
				94A5E36F2907EC5F00E64B09 /* Resources */,
			);
			buildRules = (
			);
			dependencies = (
				94A5E3732907EC5F00E64B09 /* PBXTargetDependency */,
			);
			name = "learning cicdUITests";
			productName = "learning cicdUITests";
			productReference = 94A5E3712907EC5F00E64B09 /* learning cicdUITests.xctest */;
			productType = "com.apple.product-type.bundle.ui-testing";
		};
/* End PBXNativeTarget section */

/* Begin PBXProject section */
		94A5E3492907EC5C00E64B09 /* Project object */ = {
			isa = PBXProject;
			attributes = {
				BuildIndependentTargetsInParallel = 1;
				LastSwiftUpdateCheck = 1330;
				LastUpgradeCheck = 1330;
				TargetAttributes = {
					94A5E3502907EC5C00E64B09 = {
						CreatedOnToolsVersion = 13.3.1;
						ProvisioningStyle = Automatic;
					};
					94A5E3662907EC5F00E64B09 = {
						CreatedOnToolsVersion = 13.3.1;
						ProvisioningStyle = Automatic;
						TestTargetID = 94A5E3502907EC5C00E64B09;
					};
					94A5E3702907EC5F00E64B09 = {
						CreatedOnToolsVersion = 13.3.1;
						ProvisioningStyle = Automatic;
						TestTargetID = 94A5E3502907EC5C00E64B09;
					};
				};
			};
			buildConfigurationList = 94A5E34C2907EC5C00E64B09 /* Build configuration list for PBXProject "learning cicd" */;
			compatibilityVersion = "Xcode 13.0";
			developmentRegion = en;
			hasScannedForEncodings = 0;
			knownRegions = (
				en,
				Base,
			);
			mainGroup = 94A5E3482907EC5C00E64B09;
			productRefGroup = 94A5E3522907EC5C00E64B09 /* Products */;
			projectDirPath = "";
			projectRoot = "";
			targets = (
				94A5E3502907EC5C00E64B09 /* learning cicd */,
				94A5E3662907EC5F00E64B09 /* learning cicdTests */,
				94A5E3702907EC5F00E64B09 /* learning cicdUITests */,
			);
		};
/* End PBXProject section */

/* Begin PBXResourcesBuildPhase section */
		94A5E34F2907EC5C00E64B09 /* Resources */ = {
			isa = PBXResourcesBuildPhase;
			buildActionMask = 2147483647;
			files = (
				94A5E3612907EC5E00E64B09 /* LaunchScreen.storyboard in Resources */,
				94A5E35E2907EC5E00E64B09 /* Assets.xcassets in Resources */,
				94A5E35C2907EC5C00E64B09 /* Main.storyboard in Resources */,
			);
			runOnlyForDeploymentPostprocessing = 0;
		};
		94A5E3652907EC5F00E64B09 /* Resources */ = {
			isa = PBXResourcesBuildPhase;
			buildActionMask = 2147483647;
			files = (
			);
			runOnlyForDeploymentPostprocessing = 0;
		};
		94A5E36F2907EC5F00E64B09 /* Resources */ = {
			isa = PBXResourcesBuildPhase;
			buildActionMask = 2147483647;
			files = (
			);
			runOnlyForDeploymentPostprocessing = 0;
		};
/* End PBXResourcesBuildPhase section */

/* Begin PBXSourcesBuildPhase section */
		94A5E34D2907EC5C00E64B09 /* Sources */ = {
			isa = PBXSourcesBuildPhase;
			buildActionMask = 2147483647;
			files = (
				94A5E3592907EC5C00E64B09 /* ViewController.swift in Sources */,
				94A5E3552907EC5C00E64B09 /* AppDelegate.swift in Sources */,
				94A5E3572907EC5C00E64B09 /* SceneDelegate.swift in Sources */,
			);
			runOnlyForDeploymentPostprocessing = 0;
		};
		94A5E3632907EC5F00E64B09 /* Sources */ = {
			isa = PBXSourcesBuildPhase;
			buildActionMask = 2147483647;
			files = (
				94A5E36C2907EC5F00E64B09 /* learning_cicdTests.swift in Sources */,
			);
			runOnlyForDeploymentPostprocessing = 0;
		};
		94A5E36D2907EC5F00E64B09 /* Sources */ = {
			isa = PBXSourcesBuildPhase;
			buildActionMask = 2147483647;
			files = (
				94A5E3762907EC5F00E64B09 /* learning_cicdUITests.swift in Sources */,
				94A5E3782907EC5F00E64B09 /* learning_cicdUITestsLaunchTests.swift in Sources */,
			);
			runOnlyForDeploymentPostprocessing = 0;
		};
/* End PBXSourcesBuildPhase section */

/* Begin PBXTargetDependency section */
		94A5E3692907EC5F00E64B09 /* PBXTargetDependency */ = {
			isa = PBXTargetDependency;
			target = 94A5E3502907EC5C00E64B09 /* learning cicd */;
			targetProxy = 94A5E3682907EC5F00E64B09 /* PBXContainerItemProxy */;
		};
		94A5E3732907EC5F00E64B09 /* PBXTargetDependency */ = {
			isa = PBXTargetDependency;
			target = 94A5E3502907EC5C00E64B09 /* learning cicd */;
			targetProxy = 94A5E3722907EC5F00E64B09 /* PBXContainerItemProxy */;
		};
/* End PBXTargetDependency section */

/* Begin PBXVariantGroup section */
		94A5E35A2907EC5C00E64B09 /* Main.storyboard */ = {
			isa = PBXVariantGroup;
			children = (
				94A5E35B2907EC5C00E64B09 /* Base */,
			);
			name = Main.storyboard;
			sourceTree = "<group>";
		};
		94A5E35F2907EC5E00E64B09 /* LaunchScreen.storyboard */ = {
			isa = PBXVariantGroup;
			children = (
				94A5E3602907EC5E00E64B09 /* Base */,
			);
			name = LaunchScreen.storyboard;
			sourceTree = "<group>";
		};
/* End PBXVariantGroup section */

/* Begin XCBuildConfiguration section */
		94A5E3792907EC5F00E64B09 /* Debug */ = {
			isa = XCBuildConfiguration;
			buildSettings = {
				ALWAYS_SEARCH_USER_PATHS = NO;
				CLANG_ANALYZER_NONNULL = YES;
				CLANG_ANALYZER_NUMBER_OBJECT_CONVERSION = YES_AGGRESSIVE;
				CLANG_CXX_LANGUAGE_STANDARD = "gnu++17";
				CLANG_ENABLE_MODULES = YES;
				CLANG_ENABLE_OBJC_ARC = YES;
				CLANG_ENABLE_OBJC_WEAK = YES;
				CLANG_WARN_BLOCK_CAPTURE_AUTORELEASING = YES;
				CLANG_WARN_BOOL_CONVERSION = YES;
				CLANG_WARN_COMMA = YES;
				CLANG_WARN_CONSTANT_CONVERSION = YES;
				CLANG_WARN_DEPRECATED_OBJC_IMPLEMENTATIONS = YES;
				CLANG_WARN_DIRECT_OBJC_ISA_USAGE = YES_ERROR;
				CLANG_WARN_DOCUMENTATION_COMMENTS = YES;
				CLANG_WARN_EMPTY_BODY = YES;
				CLANG_WARN_ENUM_CONVERSION = YES;
				CLANG_WARN_INFINITE_RECURSION = YES;
				CLANG_WARN_INT_CONVERSION = YES;
				CLANG_WARN_NON_LITERAL_NULL_CONVERSION = YES;
				CLANG_WARN_OBJC_IMPLICIT_RETAIN_SELF = YES;
				CLANG_WARN_OBJC_LITERAL_CONVERSION = YES;
				CLANG_WARN_OBJC_ROOT_CLASS = YES_ERROR;
				CLANG_WARN_QUOTED_INCLUDE_IN_FRAMEWORK_HEADER = YES;
				CLANG_WARN_RANGE_LOOP_ANALYSIS = YES;
				CLANG_WARN_STRICT_PROTOTYPES = YES;
				CLANG_WARN_SUSPICIOUS_MOVE = YES;
				CLANG_WARN_UNGUARDED_AVAILABILITY = YES_AGGRESSIVE;
				CLANG_WARN_UNREACHABLE_CODE = YES;
				CLANG_WARN__DUPLICATE_METHOD_MATCH = YES;
				COPY_PHASE_STRIP = NO;
				DEBUG_INFORMATION_FORMAT = dwarf;
				ENABLE_STRICT_OBJC_MSGSEND = YES;
				ENABLE_TESTABILITY = YES;
				GCC_C_LANGUAGE_STANDARD = gnu11;
				GCC_DYNAMIC_NO_PIC = NO;
				GCC_NO_COMMON_BLOCKS = YES;
				GCC_OPTIMIZATION_LEVEL = 0;
				GCC_PREPROCESSOR_DEFINITIONS = (
					"DEBUG=1",
					"$(inherited)",
				);
				GCC_WARN_64_TO_32_BIT_CONVERSION = YES;
				GCC_WARN_ABOUT_RETURN_TYPE = YES_ERROR;
				GCC_WARN_UNDECLARED_SELECTOR = YES;
				GCC_WARN_UNINITIALIZED_AUTOS = YES_AGGRESSIVE;
				GCC_WARN_UNUSED_FUNCTION = YES;
				GCC_WARN_UNUSED_VARIABLE = YES;
				IPHONEOS_DEPLOYMENT_TARGET = 15.4;
				MTL_ENABLE_DEBUG_INFO = INCLUDE_SOURCE;
				MTL_FAST_MATH = YES;
				ONLY_ACTIVE_ARCH = YES;
				SDKROOT = iphoneos;
				SWIFT_ACTIVE_COMPILATION_CONDITIONS = DEBUG;
				SWIFT_OPTIMIZATION_LEVEL = "-Onone";
			};
			name = Debug;
		};
		94A5E37A2907EC5F00E64B09 /* Release */ = {
			isa = XCBuildConfiguration;
			buildSettings = {
				ALWAYS_SEARCH_USER_PATHS = NO;
				CLANG_ANALYZER_NONNULL = YES;
				CLANG_ANALYZER_NUMBER_OBJECT_CONVERSION = YES_AGGRESSIVE;
				CLANG_CXX_LANGUAGE_STANDARD = "gnu++17";
				CLANG_ENABLE_MODULES = YES;
				CLANG_ENABLE_OBJC_ARC = YES;
				CLANG_ENABLE_OBJC_WEAK = YES;
				CLANG_WARN_BLOCK_CAPTURE_AUTORELEASING = YES;
				CLANG_WARN_BOOL_CONVERSION = YES;
				CLANG_WARN_COMMA = YES;
				CLANG_WARN_CONSTANT_CONVERSION = YES;
				CLANG_WARN_DEPRECATED_OBJC_IMPLEMENTATIONS = YES;
				CLANG_WARN_DIRECT_OBJC_ISA_USAGE = YES_ERROR;
				CLANG_WARN_DOCUMENTATION_COMMENTS = YES;
				CLANG_WARN_EMPTY_BODY = YES;
				CLANG_WARN_ENUM_CONVERSION = YES;
				CLANG_WARN_INFINITE_RECURSION = YES;
				CLANG_WARN_INT_CONVERSION = YES;
				CLANG_WARN_NON_LITERAL_NULL_CONVERSION = YES;
				CLANG_WARN_OBJC_IMPLICIT_RETAIN_SELF = YES;
				CLANG_WARN_OBJC_LITERAL_CONVERSION = YES;
				CLANG_WARN_OBJC_ROOT_CLASS = YES_ERROR;
				CLANG_WARN_QUOTED_INCLUDE_IN_FRAMEWORK_HEADER = YES;
				CLANG_WARN_RANGE_LOOP_ANALYSIS = YES;
				CLANG_WARN_STRICT_PROTOTYPES = YES;
				CLANG_WARN_SUSPICIOUS_MOVE = YES;
				CLANG_WARN_UNGUARDED_AVAILABILITY = YES_AGGRESSIVE;
				CLANG_WARN_UNREACHABLE_CODE = YES;
				CLANG_WARN__DUPLICATE_METHOD_MATCH = YES;
				COPY_PHASE_STRIP = NO;
				DEBUG_INFORMATION_FORMAT = "dwarf-with-dsym";
				ENABLE_NS_ASSERTIONS = NO;
				ENABLE_STRICT_OBJC_MSGSEND = YES;
				GCC_C_LANGUAGE_STANDARD = gnu11;
				GCC_NO_COMMON_BLOCKS = YES;
				GCC_WARN_64_TO_32_BIT_CONVERSION = YES;
				GCC_WARN_ABOUT_RETURN_TYPE = YES_ERROR;
				GCC_WARN_UNDECLARED_SELECTOR = YES;
				GCC_WARN_UNINITIALIZED_AUTOS = YES_AGGRESSIVE;
				GCC_WARN_UNUSED_FUNCTION = YES;
				GCC_WARN_UNUSED_VARIABLE = YES;
				IPHONEOS_DEPLOYMENT_TARGET = 15.4;
				MTL_ENABLE_DEBUG_INFO = NO;
				MTL_FAST_MATH = YES;
				SDKROOT = iphoneos;
				SWIFT_COMPILATION_MODE = wholemodule;
				SWIFT_OPTIMIZATION_LEVEL = "-O";
				VALIDATE_PRODUCT = YES;
			};
			name = Release;
		};
		94A5E37C2907EC5F00E64B09 /* Debug */ = {
			isa = XCBuildConfiguration;
			buildSettings = {
				ASSETCATALOG_COMPILER_APPICON_NAME = AppIcon;
				ASSETCATALOG_COMPILER_GLOBAL_ACCENT_COLOR_NAME = AccentColor;
				CODE_SIGN_STYLE = Automatic;
				CURRENT_PROJECT_VERSION = 9;
				DEVELOPMENT_TEAM = B4X8EQS24E;
				GENERATE_INFOPLIST_FILE = YES;
				INFOPLIST_FILE = "learning cicd/Info.plist";
				INFOPLIST_KEY_UIApplicationSupportsIndirectInputEvents = YES;
				INFOPLIST_KEY_UILaunchStoryboardName = LaunchScreen;
				INFOPLIST_KEY_UIMainStoryboardFile = Main;
				INFOPLIST_KEY_UISupportedInterfaceOrientations_iPad = "UIInterfaceOrientationPortrait UIInterfaceOrientationPortraitUpsideDown UIInterfaceOrientationLandscapeLeft UIInterfaceOrientationLandscapeRight";
				INFOPLIST_KEY_UISupportedInterfaceOrientations_iPhone = "UIInterfaceOrientationPortrait UIInterfaceOrientationLandscapeLeft UIInterfaceOrientationLandscapeRight";
				LD_RUNPATH_SEARCH_PATHS = (
					"$(inherited)",
					"@executable_path/Frameworks",
				);
				MARKETING_VERSION = 1.0;
				PRODUCT_BUNDLE_IDENTIFIER = dev.vedant.cicd;
				PRODUCT_NAME = "$(TARGET_NAME)";
				SWIFT_EMIT_LOC_STRINGS = YES;
				SWIFT_VERSION = 5.0;
				TARGETED_DEVICE_FAMILY = "1,2";
			};
			name = Debug;
		};
		94A5E37D2907EC5F00E64B09 /* Release */ = {
			isa = XCBuildConfiguration;
			buildSettings = {
				ASSETCATALOG_COMPILER_APPICON_NAME = AppIcon;
				ASSETCATALOG_COMPILER_GLOBAL_ACCENT_COLOR_NAME = AccentColor;
				CODE_SIGN_STYLE = Automatic;
				CURRENT_PROJECT_VERSION = 9;
				DEVELOPMENT_TEAM = B4X8EQS24E;
				GENERATE_INFOPLIST_FILE = YES;
				INFOPLIST_FILE = "learning cicd/Info.plist";
				INFOPLIST_KEY_UIApplicationSupportsIndirectInputEvents = YES;
				INFOPLIST_KEY_UILaunchStoryboardName = LaunchScreen;
				INFOPLIST_KEY_UIMainStoryboardFile = Main;
				INFOPLIST_KEY_UISupportedInterfaceOrientations_iPad = "UIInterfaceOrientationPortrait UIInterfaceOrientationPortraitUpsideDown UIInterfaceOrientationLandscapeLeft UIInterfaceOrientationLandscapeRight";
				INFOPLIST_KEY_UISupportedInterfaceOrientations_iPhone = "UIInterfaceOrientationPortrait UIInterfaceOrientationLandscapeLeft UIInterfaceOrientationLandscapeRight";
				LD_RUNPATH_SEARCH_PATHS = (
					"$(inherited)",
					"@executable_path/Frameworks",
				);
				MARKETING_VERSION = 1.0;
				PRODUCT_BUNDLE_IDENTIFIER = dev.vedant.cicd;
				PRODUCT_NAME = "$(TARGET_NAME)";
				SWIFT_EMIT_LOC_STRINGS = YES;
				SWIFT_VERSION = 5.0;
				TARGETED_DEVICE_FAMILY = "1,2";
			};
			name = Release;
		};
		94A5E37F2907EC5F00E64B09 /* Debug */ = {
			isa = XCBuildConfiguration;
			buildSettings = {
				ALWAYS_EMBED_SWIFT_STANDARD_LIBRARIES = YES;
				BUNDLE_LOADER = "$(TEST_HOST)";
				CODE_SIGN_STYLE = Automatic;
				CURRENT_PROJECT_VERSION = 9;
				DEVELOPMENT_TEAM = 3XNDFX6K2T;
				GENERATE_INFOPLIST_FILE = YES;
				IPHONEOS_DEPLOYMENT_TARGET = 15.4;
				MARKETING_VERSION = 1.0;
				PRODUCT_BUNDLE_IDENTIFIER = "dev.vedant.learning-cicdTests";
				PRODUCT_NAME = "$(TARGET_NAME)";
				SWIFT_EMIT_LOC_STRINGS = NO;
				SWIFT_VERSION = 5.0;
				TARGETED_DEVICE_FAMILY = "1,2";
				TEST_HOST = "$(BUILT_PRODUCTS_DIR)/learning cicd.app/learning cicd";
			};
			name = Debug;
		};
		94A5E3802907EC5F00E64B09 /* Release */ = {
			isa = XCBuildConfiguration;
			buildSettings = {
				ALWAYS_EMBED_SWIFT_STANDARD_LIBRARIES = YES;
				BUNDLE_LOADER = "$(TEST_HOST)";
				CODE_SIGN_STYLE = Automatic;
				CURRENT_PROJECT_VERSION = 9;
				DEVELOPMENT_TEAM = 3XNDFX6K2T;
				GENERATE_INFOPLIST_FILE = YES;
				IPHONEOS_DEPLOYMENT_TARGET = 15.4;
				MARKETING_VERSION = 1.0;
				PRODUCT_BUNDLE_IDENTIFIER = "dev.vedant.learning-cicdTests";
				PRODUCT_NAME = "$(TARGET_NAME)";
				SWIFT_EMIT_LOC_STRINGS = NO;
				SWIFT_VERSION = 5.0;
				TARGETED_DEVICE_FAMILY = "1,2";
				TEST_HOST = "$(BUILT_PRODUCTS_DIR)/learning cicd.app/learning cicd";
			};
			name = Release;
		};
		94A5E3822907EC5F00E64B09 /* Debug */ = {
			isa = XCBuildConfiguration;
			buildSettings = {
				ALWAYS_EMBED_SWIFT_STANDARD_LIBRARIES = YES;
				CODE_SIGN_STYLE = Automatic;
				CURRENT_PROJECT_VERSION = 9;
				DEVELOPMENT_TEAM = 3XNDFX6K2T;
				GENERATE_INFOPLIST_FILE = YES;
				MARKETING_VERSION = 1.0;
				PRODUCT_BUNDLE_IDENTIFIER = "dev.vedant.learning-cicdUITests";
				PRODUCT_NAME = "$(TARGET_NAME)";
				SWIFT_EMIT_LOC_STRINGS = NO;
				SWIFT_VERSION = 5.0;
				TARGETED_DEVICE_FAMILY = "1,2";
				TEST_TARGET_NAME = "learning cicd";
			};
			name = Debug;
		};
		94A5E3832907EC5F00E64B09 /* Release */ = {
			isa = XCBuildConfiguration;
			buildSettings = {
				ALWAYS_EMBED_SWIFT_STANDARD_LIBRARIES = YES;
				CODE_SIGN_STYLE = Automatic;
				CURRENT_PROJECT_VERSION = 9;
				DEVELOPMENT_TEAM = 3XNDFX6K2T;
				GENERATE_INFOPLIST_FILE = YES;
				MARKETING_VERSION = 1.0;
				PRODUCT_BUNDLE_IDENTIFIER = "dev.vedant.learning-cicdUITests";
				PRODUCT_NAME = "$(TARGET_NAME)";
				SWIFT_EMIT_LOC_STRINGS = NO;
				SWIFT_VERSION = 5.0;
				TARGETED_DEVICE_FAMILY = "1,2";
				TEST_TARGET_NAME = "learning cicd";
			};
			name = Release;
		};
/* End XCBuildConfiguration section */

/* Begin XCConfigurationList section */
		94A5E34C2907EC5C00E64B09 /* Build configuration list for PBXProject "learning cicd" */ = {
			isa = XCConfigurationList;
			buildConfigurations = (
				94A5E3792907EC5F00E64B09 /* Debug */,
				94A5E37A2907EC5F00E64B09 /* Release */,
			);
			defaultConfigurationIsVisible = 0;
			defaultConfigurationName = Release;
		};
		94A5E37B2907EC5F00E64B09 /* Build configuration list for PBXNativeTarget "learning cicd" */ = {
			isa = XCConfigurationList;
			buildConfigurations = (
				94A5E37C2907EC5F00E64B09 /* Debug */,
				94A5E37D2907EC5F00E64B09 /* Release */,
			);
			defaultConfigurationIsVisible = 0;
			defaultConfigurationName = Release;
		};
		94A5E37E2907EC5F00E64B09 /* Build configuration list for PBXNativeTarget "learning cicdTests" */ = {
			isa = XCConfigurationList;
			buildConfigurations = (
				94A5E37F2907EC5F00E64B09 /* Debug */,
				94A5E3802907EC5F00E64B09 /* Release */,
			);
			defaultConfigurationIsVisible = 0;
			defaultConfigurationName = Release;
		};
		94A5E3812907EC5F00E64B09 /* Build configuration list for PBXNativeTarget "learning cicdUITests" */ = {
			isa = XCConfigurationList;
			buildConfigurations = (
				94A5E3822907EC5F00E64B09 /* Debug */,
				94A5E3832907EC5F00E64B09 /* Release */,
			);
			defaultConfigurationIsVisible = 0;
			defaultConfigurationName = Release;
		};
/* End XCConfigurationList section */
	};
	rootObject = 94A5E3492907EC5C00E64B09 /* Project object */;
}
